// !$*UTF8*$!
{
	archiveVersion = 1;
	classes = {
	};
	objectVersion = 48;
	objects = {

/* Begin PBXBuildFile section */
		66A1396320013F860076B0E5 /* FileStreamer.framework in Frameworks */ = {isa = PBXBuildFile; fileRef = 66A1395920013F860076B0E5 /* FileStreamer.framework */; };
		66A1396820013F860076B0E5 /* DownloaderTests.swift in Sources */ = {isa = PBXBuildFile; fileRef = 66A1396720013F860076B0E5 /* DownloaderTests.swift */; };
		66A1396A20013F860076B0E5 /* FileStreamer.h in Headers */ = {isa = PBXBuildFile; fileRef = 66A1395C20013F860076B0E5 /* FileStreamer.h */; settings = {ATTRIBUTES = (Public, ); }; };
		66A1397720013FAA0076B0E5 /* Downloader.swift in Sources */ = {isa = PBXBuildFile; fileRef = 66A1397420013FAA0076B0E5 /* Downloader.swift */; };
		66A1397820013FAA0076B0E5 /* Downloader.swift in Sources */ = {isa = PBXBuildFile; fileRef = 66A1397420013FAA0076B0E5 /* Downloader.swift */; };
		66A1397920013FAA0076B0E5 /* Downloadable.swift in Sources */ = {isa = PBXBuildFile; fileRef = 66A1397520013FAA0076B0E5 /* Downloadable.swift */; };
		66A1397A20013FAA0076B0E5 /* Downloadable.swift in Sources */ = {isa = PBXBuildFile; fileRef = 66A1397520013FAA0076B0E5 /* Downloadable.swift */; };
		66A1397B20013FAA0076B0E5 /* DownloadableDelegate.swift in Sources */ = {isa = PBXBuildFile; fileRef = 66A1397620013FAA0076B0E5 /* DownloadableDelegate.swift */; };
		66A1397C20013FAA0076B0E5 /* DownloadableDelegate.swift in Sources */ = {isa = PBXBuildFile; fileRef = 66A1397620013FAA0076B0E5 /* DownloadableDelegate.swift */; };
		66A139832001546D0076B0E5 /* DownloadableState.swift in Sources */ = {isa = PBXBuildFile; fileRef = 66A139822001546D0076B0E5 /* DownloadableState.swift */; };
		66A139842001546D0076B0E5 /* DownloadableState.swift in Sources */ = {isa = PBXBuildFile; fileRef = 66A139822001546D0076B0E5 /* DownloadableState.swift */; };
		66A13986200156790076B0E5 /* Downloader+URLSessionDelegate.swift in Sources */ = {isa = PBXBuildFile; fileRef = 66A13985200156790076B0E5 /* Downloader+URLSessionDelegate.swift */; };
		66A13987200156790076B0E5 /* Downloader+URLSessionDelegate.swift in Sources */ = {isa = PBXBuildFile; fileRef = 66A13985200156790076B0E5 /* Downloader+URLSessionDelegate.swift */; };
		66A13993200176B60076B0E5 /* Parsable.swift in Sources */ = {isa = PBXBuildFile; fileRef = 66A13992200176B60076B0E5 /* Parsable.swift */; };
		66A13994200176B60076B0E5 /* Parsable.swift in Sources */ = {isa = PBXBuildFile; fileRef = 66A13992200176B60076B0E5 /* Parsable.swift */; };
		66A13996200177050076B0E5 /* Parser.swift in Sources */ = {isa = PBXBuildFile; fileRef = 66A13995200177050076B0E5 /* Parser.swift */; };
		66A13997200177050076B0E5 /* Parser.swift in Sources */ = {isa = PBXBuildFile; fileRef = 66A13995200177050076B0E5 /* Parser.swift */; };
		66A1399C200179AD0076B0E5 /* ParserTests.swift in Sources */ = {isa = PBXBuildFile; fileRef = 66A1399B200179AD0076B0E5 /* ParserTests.swift */; };
		66A1DBBD20C71ED200A29E34 /* Streamable.swift in Sources */ = {isa = PBXBuildFile; fileRef = 66A1DBBC20C71ED200A29E34 /* Streamable.swift */; };
		66A1DBBF20C71EDA00A29E34 /* Streamer.swift in Sources */ = {isa = PBXBuildFile; fileRef = 66A1DBBE20C71EDA00A29E34 /* Streamer.swift */; };
		66A1DBC120C7201500A29E34 /* StreamableState.swift in Sources */ = {isa = PBXBuildFile; fileRef = 66A1DBC020C7201500A29E34 /* StreamableState.swift */; };
		66A1DBC320C7212100A29E34 /* StreamableDelegate.swift in Sources */ = {isa = PBXBuildFile; fileRef = 66A1DBC220C7212100A29E34 /* StreamableDelegate.swift */; };
		66A1DBC720C72E3A00A29E34 /* Streamer+DownloadableDelegate.swift in Sources */ = {isa = PBXBuildFile; fileRef = 66A1DBC620C72E3A00A29E34 /* Streamer+DownloadableDelegate.swift */; };
		66AE563620B7170D0032DCE2 /* RemoteFileURLs.swift in Sources */ = {isa = PBXBuildFile; fileRef = 66AE563520B7170D0032DCE2 /* RemoteFileURLs.swift */; };
		66C8350820019AD300E953C7 /* ParserError.swift in Sources */ = {isa = PBXBuildFile; fileRef = 66C8350720019AD300E953C7 /* ParserError.swift */; };
		66C8350920019C3900E953C7 /* ParserError.swift in Sources */ = {isa = PBXBuildFile; fileRef = 66C8350720019AD300E953C7 /* ParserError.swift */; };
		66C8350B2001A63A00E953C7 /* Parser+PropertyListener.swift in Sources */ = {isa = PBXBuildFile; fileRef = 66C8350A2001A63A00E953C7 /* Parser+PropertyListener.swift */; };
		66C8350C2001A63A00E953C7 /* Parser+PropertyListener.swift in Sources */ = {isa = PBXBuildFile; fileRef = 66C8350A2001A63A00E953C7 /* Parser+PropertyListener.swift */; };
		66C8350E2001AAF400E953C7 /* Parser+Packets.swift in Sources */ = {isa = PBXBuildFile; fileRef = 66C8350D2001AAF400E953C7 /* Parser+Packets.swift */; };
		66C8350F2001AAF400E953C7 /* Parser+Packets.swift in Sources */ = {isa = PBXBuildFile; fileRef = 66C8350D2001AAF400E953C7 /* Parser+Packets.swift */; };
		66C835142001BEFA00E953C7 /* Readable.swift in Sources */ = {isa = PBXBuildFile; fileRef = 66C835132001BEFA00E953C7 /* Readable.swift */; };
		66C835152001BEFA00E953C7 /* Readable.swift in Sources */ = {isa = PBXBuildFile; fileRef = 66C835132001BEFA00E953C7 /* Readable.swift */; };
		66C835172001BF0000E953C7 /* Reader.swift in Sources */ = {isa = PBXBuildFile; fileRef = 66C835162001BF0000E953C7 /* Reader.swift */; };
		66C835182001BF0000E953C7 /* Reader.swift in Sources */ = {isa = PBXBuildFile; fileRef = 66C835162001BF0000E953C7 /* Reader.swift */; };
		66C8351A2001DAC400E953C7 /* ReaderError.swift in Sources */ = {isa = PBXBuildFile; fileRef = 66C835192001DAC400E953C7 /* ReaderError.swift */; };
		66C8351B2001DAC400E953C7 /* ReaderError.swift in Sources */ = {isa = PBXBuildFile; fileRef = 66C835192001DAC400E953C7 /* ReaderError.swift */; };
		66C8351D2001DDE900E953C7 /* ReaderTests.swift in Sources */ = {isa = PBXBuildFile; fileRef = 66C8351C2001DDE900E953C7 /* ReaderTests.swift */; };
		66C8351F200286B400E953C7 /* Reader+Converter.swift in Sources */ = {isa = PBXBuildFile; fileRef = 66C8351E200286B400E953C7 /* Reader+Converter.swift */; };
		66C83520200286B400E953C7 /* Reader+Converter.swift in Sources */ = {isa = PBXBuildFile; fileRef = 66C8351E200286B400E953C7 /* Reader+Converter.swift */; };
/* End PBXBuildFile section */

/* Begin PBXContainerItemProxy section */
		66A1396420013F860076B0E5 /* PBXContainerItemProxy */ = {
			isa = PBXContainerItemProxy;
			containerPortal = 66A1395020013F860076B0E5 /* Project object */;
			proxyType = 1;
			remoteGlobalIDString = 66A1395820013F860076B0E5;
			remoteInfo = FileStreamer;
		};
/* End PBXContainerItemProxy section */

/* Begin PBXFileReference section */
		66A1395920013F860076B0E5 /* FileStreamer.framework */ = {isa = PBXFileReference; explicitFileType = wrapper.framework; includeInIndex = 0; path = FileStreamer.framework; sourceTree = BUILT_PRODUCTS_DIR; };
		66A1395C20013F860076B0E5 /* FileStreamer.h */ = {isa = PBXFileReference; lastKnownFileType = sourcecode.c.h; path = FileStreamer.h; sourceTree = "<group>"; };
		66A1395D20013F860076B0E5 /* Info.plist */ = {isa = PBXFileReference; lastKnownFileType = text.plist.xml; path = Info.plist; sourceTree = "<group>"; };
		66A1396220013F860076B0E5 /* FileStreamerTests.xctest */ = {isa = PBXFileReference; explicitFileType = wrapper.cfbundle; includeInIndex = 0; path = FileStreamerTests.xctest; sourceTree = BUILT_PRODUCTS_DIR; };
		66A1396720013F860076B0E5 /* DownloaderTests.swift */ = {isa = PBXFileReference; lastKnownFileType = sourcecode.swift; path = DownloaderTests.swift; sourceTree = "<group>"; };
		66A1396920013F860076B0E5 /* Info.plist */ = {isa = PBXFileReference; lastKnownFileType = text.plist.xml; path = Info.plist; sourceTree = "<group>"; };
		66A1397420013FAA0076B0E5 /* Downloader.swift */ = {isa = PBXFileReference; fileEncoding = 4; lastKnownFileType = sourcecode.swift; path = Downloader.swift; sourceTree = "<group>"; };
		66A1397520013FAA0076B0E5 /* Downloadable.swift */ = {isa = PBXFileReference; fileEncoding = 4; lastKnownFileType = sourcecode.swift; path = Downloadable.swift; sourceTree = "<group>"; };
		66A1397620013FAA0076B0E5 /* DownloadableDelegate.swift */ = {isa = PBXFileReference; fileEncoding = 4; lastKnownFileType = sourcecode.swift; path = DownloadableDelegate.swift; sourceTree = "<group>"; };
		66A139822001546D0076B0E5 /* DownloadableState.swift */ = {isa = PBXFileReference; lastKnownFileType = sourcecode.swift; path = DownloadableState.swift; sourceTree = "<group>"; };
		66A13985200156790076B0E5 /* Downloader+URLSessionDelegate.swift */ = {isa = PBXFileReference; lastKnownFileType = sourcecode.swift; path = "Downloader+URLSessionDelegate.swift"; sourceTree = "<group>"; };
		66A13992200176B60076B0E5 /* Parsable.swift */ = {isa = PBXFileReference; lastKnownFileType = sourcecode.swift; path = Parsable.swift; sourceTree = "<group>"; };
		66A13995200177050076B0E5 /* Parser.swift */ = {isa = PBXFileReference; lastKnownFileType = sourcecode.swift; path = Parser.swift; sourceTree = "<group>"; };
		66A1399B200179AD0076B0E5 /* ParserTests.swift */ = {isa = PBXFileReference; lastKnownFileType = sourcecode.swift; path = ParserTests.swift; sourceTree = "<group>"; };
		66A1DBBC20C71ED200A29E34 /* Streamable.swift */ = {isa = PBXFileReference; lastKnownFileType = sourcecode.swift; path = Streamable.swift; sourceTree = "<group>"; };
		66A1DBBE20C71EDA00A29E34 /* Streamer.swift */ = {isa = PBXFileReference; lastKnownFileType = sourcecode.swift; path = Streamer.swift; sourceTree = "<group>"; };
		66A1DBC020C7201500A29E34 /* StreamableState.swift */ = {isa = PBXFileReference; lastKnownFileType = sourcecode.swift; path = StreamableState.swift; sourceTree = "<group>"; };
		66A1DBC220C7212100A29E34 /* StreamableDelegate.swift */ = {isa = PBXFileReference; lastKnownFileType = sourcecode.swift; path = StreamableDelegate.swift; sourceTree = "<group>"; };
		66A1DBC620C72E3A00A29E34 /* Streamer+DownloadableDelegate.swift */ = {isa = PBXFileReference; lastKnownFileType = sourcecode.swift; path = "Streamer+DownloadableDelegate.swift"; sourceTree = "<group>"; };
		66AE563520B7170D0032DCE2 /* RemoteFileURLs.swift */ = {isa = PBXFileReference; fileEncoding = 4; lastKnownFileType = sourcecode.swift; path = RemoteFileURLs.swift; sourceTree = "<group>"; };
		66C8350720019AD300E953C7 /* ParserError.swift */ = {isa = PBXFileReference; lastKnownFileType = sourcecode.swift; path = ParserError.swift; sourceTree = "<group>"; };
		66C8350A2001A63A00E953C7 /* Parser+PropertyListener.swift */ = {isa = PBXFileReference; lastKnownFileType = sourcecode.swift; path = "Parser+PropertyListener.swift"; sourceTree = "<group>"; };
		66C8350D2001AAF400E953C7 /* Parser+Packets.swift */ = {isa = PBXFileReference; lastKnownFileType = sourcecode.swift; path = "Parser+Packets.swift"; sourceTree = "<group>"; };
		66C835132001BEFA00E953C7 /* Readable.swift */ = {isa = PBXFileReference; lastKnownFileType = sourcecode.swift; path = Readable.swift; sourceTree = "<group>"; };
		66C835162001BF0000E953C7 /* Reader.swift */ = {isa = PBXFileReference; lastKnownFileType = sourcecode.swift; path = Reader.swift; sourceTree = "<group>"; };
		66C835192001DAC400E953C7 /* ReaderError.swift */ = {isa = PBXFileReference; lastKnownFileType = sourcecode.swift; path = ReaderError.swift; sourceTree = "<group>"; };
		66C8351C2001DDE900E953C7 /* ReaderTests.swift */ = {isa = PBXFileReference; lastKnownFileType = sourcecode.swift; path = ReaderTests.swift; sourceTree = "<group>"; };
		66C8351E200286B400E953C7 /* Reader+Converter.swift */ = {isa = PBXFileReference; lastKnownFileType = sourcecode.swift; path = "Reader+Converter.swift"; sourceTree = "<group>"; };
/* End PBXFileReference section */

/* Begin PBXFrameworksBuildPhase section */
		66A1395520013F860076B0E5 /* Frameworks */ = {
			isa = PBXFrameworksBuildPhase;
			buildActionMask = 2147483647;
			files = (
			);
			runOnlyForDeploymentPostprocessing = 0;
		};
		66A1395F20013F860076B0E5 /* Frameworks */ = {
			isa = PBXFrameworksBuildPhase;
			buildActionMask = 2147483647;
			files = (
				66A1396320013F860076B0E5 /* FileStreamer.framework in Frameworks */,
			);
			runOnlyForDeploymentPostprocessing = 0;
		};
/* End PBXFrameworksBuildPhase section */

/* Begin PBXGroup section */
		66A1394F20013F860076B0E5 = {
			isa = PBXGroup;
			children = (
				66A1395B20013F860076B0E5 /* FileStreamer */,
				66A1396620013F860076B0E5 /* FileStreamerTests */,
			);
			sourceTree = "<group>";
		};
		66A1395A20013F860076B0E5 /* Products */ = {
			isa = PBXGroup;
			children = (
				66A1395920013F860076B0E5 /* FileStreamer.framework */,
				66A1396220013F860076B0E5 /* FileStreamerTests.xctest */,
			);
			name = Products;
			path = ..;
			sourceTree = "<group>";
		};
		66A1395B20013F860076B0E5 /* FileStreamer */ = {
			isa = PBXGroup;
			children = (
				66A1395C20013F860076B0E5 /* FileStreamer.h */,
				66A1397320013FAA0076B0E5 /* Download */,
				66A139912001768B0076B0E5 /* Parse */,
				66C835102001BED600E953C7 /* Reader */,
				66A1DBBB20C71EC100A29E34 /* Streamer */,
				66A1395D20013F860076B0E5 /* Info.plist */,
			);
			path = FileStreamer;
			sourceTree = "<group>";
		};
		66A1396620013F860076B0E5 /* FileStreamerTests */ = {
			isa = PBXGroup;
			children = (
				66AE563520B7170D0032DCE2 /* RemoteFileURLs.swift */,
				66A1396720013F860076B0E5 /* DownloaderTests.swift */,
				66A1399B200179AD0076B0E5 /* ParserTests.swift */,
				66C8351C2001DDE900E953C7 /* ReaderTests.swift */,
				66A1395A20013F860076B0E5 /* Products */,
				66A1396920013F860076B0E5 /* Info.plist */,
			);
			path = FileStreamerTests;
			sourceTree = "<group>";
		};
		66A1397320013FAA0076B0E5 /* Download */ = {
			isa = PBXGroup;
			children = (
				66A1397420013FAA0076B0E5 /* Downloader.swift */,
				66A13985200156790076B0E5 /* Downloader+URLSessionDelegate.swift */,
				66A1397520013FAA0076B0E5 /* Downloadable.swift */,
				66A139822001546D0076B0E5 /* DownloadableState.swift */,
				66A1397620013FAA0076B0E5 /* DownloadableDelegate.swift */,
			);
			path = Download;
			sourceTree = "<group>";
		};
		66A139912001768B0076B0E5 /* Parse */ = {
			isa = PBXGroup;
			children = (
				66A13995200177050076B0E5 /* Parser.swift */,
				66C8350D2001AAF400E953C7 /* Parser+Packets.swift */,
				66C8350A2001A63A00E953C7 /* Parser+PropertyListener.swift */,
				66A13992200176B60076B0E5 /* Parsable.swift */,
				66C8350720019AD300E953C7 /* ParserError.swift */,
			);
			path = Parse;
			sourceTree = "<group>";
		};
		66A1DBBB20C71EC100A29E34 /* Streamer */ = {
			isa = PBXGroup;
			children = (
				66A1DBBE20C71EDA00A29E34 /* Streamer.swift */,
				66A1DBC620C72E3A00A29E34 /* Streamer+DownloadableDelegate.swift */,
				66A1DBBC20C71ED200A29E34 /* Streamable.swift */,
				66A1DBC020C7201500A29E34 /* StreamableState.swift */,
				66A1DBC220C7212100A29E34 /* StreamableDelegate.swift */,
			);
			path = Streamer;
			sourceTree = "<group>";
		};
		66C835102001BED600E953C7 /* Reader */ = {
			isa = PBXGroup;
			children = (
				66C835162001BF0000E953C7 /* Reader.swift */,
				66C8351E200286B400E953C7 /* Reader+Converter.swift */,
				66C835132001BEFA00E953C7 /* Readable.swift */,
				66C835192001DAC400E953C7 /* ReaderError.swift */,
			);
			path = Reader;
			sourceTree = "<group>";
		};
/* End PBXGroup section */

/* Begin PBXHeadersBuildPhase section */
		66A1395620013F860076B0E5 /* Headers */ = {
			isa = PBXHeadersBuildPhase;
			buildActionMask = 2147483647;
			files = (
				66A1396A20013F860076B0E5 /* FileStreamer.h in Headers */,
			);
			runOnlyForDeploymentPostprocessing = 0;
		};
/* End PBXHeadersBuildPhase section */

/* Begin PBXNativeTarget section */
		66A1395820013F860076B0E5 /* FileStreamer */ = {
			isa = PBXNativeTarget;
			buildConfigurationList = 66A1396D20013F860076B0E5 /* Build configuration list for PBXNativeTarget "FileStreamer" */;
			buildPhases = (
				66A1395420013F860076B0E5 /* Sources */,
				66A1395520013F860076B0E5 /* Frameworks */,
				66A1395620013F860076B0E5 /* Headers */,
				66A1395720013F860076B0E5 /* Resources */,
			);
			buildRules = (
			);
			dependencies = (
			);
			name = FileStreamer;
			productName = FileStreamer;
			productReference = 66A1395920013F860076B0E5 /* FileStreamer.framework */;
			productType = "com.apple.product-type.framework";
		};
		66A1396120013F860076B0E5 /* FileStreamerTests */ = {
			isa = PBXNativeTarget;
			buildConfigurationList = 66A1397020013F860076B0E5 /* Build configuration list for PBXNativeTarget "FileStreamerTests" */;
			buildPhases = (
				66A1395E20013F860076B0E5 /* Sources */,
				66A1395F20013F860076B0E5 /* Frameworks */,
				66A1396020013F860076B0E5 /* Resources */,
			);
			buildRules = (
			);
			dependencies = (
				66A1396520013F860076B0E5 /* PBXTargetDependency */,
			);
			name = FileStreamerTests;
			productName = FileStreamerTests;
			productReference = 66A1396220013F860076B0E5 /* FileStreamerTests.xctest */;
			productType = "com.apple.product-type.bundle.unit-test";
		};
/* End PBXNativeTarget section */

/* Begin PBXProject section */
		66A1395020013F860076B0E5 /* Project object */ = {
			isa = PBXProject;
			attributes = {
				LastSwiftUpdateCheck = 0920;
				LastUpgradeCheck = 0920;
				ORGANIZATIONNAME = "Ausome Apps LLC";
				TargetAttributes = {
					66A1395820013F860076B0E5 = {
						CreatedOnToolsVersion = 9.2;
						ProvisioningStyle = Automatic;
					};
					66A1396120013F860076B0E5 = {
						CreatedOnToolsVersion = 9.2;
						ProvisioningStyle = Automatic;
					};
				};
			};
			buildConfigurationList = 66A1395320013F860076B0E5 /* Build configuration list for PBXProject "FileStreamer" */;
			compatibilityVersion = "Xcode 8.0";
			developmentRegion = en;
			hasScannedForEncodings = 0;
			knownRegions = (
				en,
			);
			mainGroup = 66A1394F20013F860076B0E5;
			productRefGroup = 66A1395A20013F860076B0E5 /* Products */;
			projectDirPath = "";
			projectRoot = "";
			targets = (
				66A1395820013F860076B0E5 /* FileStreamer */,
				66A1396120013F860076B0E5 /* FileStreamerTests */,
			);
		};
/* End PBXProject section */

/* Begin PBXResourcesBuildPhase section */
		66A1395720013F860076B0E5 /* Resources */ = {
			isa = PBXResourcesBuildPhase;
			buildActionMask = 2147483647;
			files = (
			);
			runOnlyForDeploymentPostprocessing = 0;
		};
		66A1396020013F860076B0E5 /* Resources */ = {
			isa = PBXResourcesBuildPhase;
			buildActionMask = 2147483647;
			files = (
			);
			runOnlyForDeploymentPostprocessing = 0;
		};
/* End PBXResourcesBuildPhase section */

/* Begin PBXSourcesBuildPhase section */
		66A1395420013F860076B0E5 /* Sources */ = {
			isa = PBXSourcesBuildPhase;
			buildActionMask = 2147483647;
			files = (
				66C835172001BF0000E953C7 /* Reader.swift in Sources */,
				66A13986200156790076B0E5 /* Downloader+URLSessionDelegate.swift in Sources */,
				66A1397720013FAA0076B0E5 /* Downloader.swift in Sources */,
				66A1DBC720C72E3A00A29E34 /* Streamer+DownloadableDelegate.swift in Sources */,
				66A1397920013FAA0076B0E5 /* Downloadable.swift in Sources */,
				66C8351A2001DAC400E953C7 /* ReaderError.swift in Sources */,
				66C8350E2001AAF400E953C7 /* Parser+Packets.swift in Sources */,
				66A1DBC120C7201500A29E34 /* StreamableState.swift in Sources */,
				66C8350820019AD300E953C7 /* ParserError.swift in Sources */,
				66A1DBC320C7212100A29E34 /* StreamableDelegate.swift in Sources */,
				66A1DBBD20C71ED200A29E34 /* Streamable.swift in Sources */,
				66A13996200177050076B0E5 /* Parser.swift in Sources */,
				66A13993200176B60076B0E5 /* Parsable.swift in Sources */,
				66C8351F200286B400E953C7 /* Reader+Converter.swift in Sources */,
				66C8350B2001A63A00E953C7 /* Parser+PropertyListener.swift in Sources */,
				66A1DBBF20C71EDA00A29E34 /* Streamer.swift in Sources */,
				66C835142001BEFA00E953C7 /* Readable.swift in Sources */,
				66A1397B20013FAA0076B0E5 /* DownloadableDelegate.swift in Sources */,
				66A139832001546D0076B0E5 /* DownloadableState.swift in Sources */,
			);
			runOnlyForDeploymentPostprocessing = 0;
		};
		66A1395E20013F860076B0E5 /* Sources */ = {
			isa = PBXSourcesBuildPhase;
			buildActionMask = 2147483647;
			files = (
				66A1397C20013FAA0076B0E5 /* DownloadableDelegate.swift in Sources */,
				66AE563620B7170D0032DCE2 /* RemoteFileURLs.swift in Sources */,
				66C8350F2001AAF400E953C7 /* Parser+Packets.swift in Sources */,
				66A13997200177050076B0E5 /* Parser.swift in Sources */,
				66A13987200156790076B0E5 /* Downloader+URLSessionDelegate.swift in Sources */,
				66A139842001546D0076B0E5 /* DownloadableState.swift in Sources */,
				66C8351D2001DDE900E953C7 /* ReaderTests.swift in Sources */,
				66C835152001BEFA00E953C7 /* Readable.swift in Sources */,
				66A1399C200179AD0076B0E5 /* ParserTests.swift in Sources */,
				66A1397820013FAA0076B0E5 /* Downloader.swift in Sources */,
				66C8350920019C3900E953C7 /* ParserError.swift in Sources */,
				66C8351B2001DAC400E953C7 /* ReaderError.swift in Sources */,
				66C835182001BF0000E953C7 /* Reader.swift in Sources */,
				66A13994200176B60076B0E5 /* Parsable.swift in Sources */,
				66A1396820013F860076B0E5 /* DownloaderTests.swift in Sources */,
				66C8350C2001A63A00E953C7 /* Parser+PropertyListener.swift in Sources */,
				66A1397A20013FAA0076B0E5 /* Downloadable.swift in Sources */,
				66C83520200286B400E953C7 /* Reader+Converter.swift in Sources */,
			);
			runOnlyForDeploymentPostprocessing = 0;
		};
/* End PBXSourcesBuildPhase section */

/* Begin PBXTargetDependency section */
		66A1396520013F860076B0E5 /* PBXTargetDependency */ = {
			isa = PBXTargetDependency;
			target = 66A1395820013F860076B0E5 /* FileStreamer */;
			targetProxy = 66A1396420013F860076B0E5 /* PBXContainerItemProxy */;
		};
/* End PBXTargetDependency section */

/* Begin XCBuildConfiguration section */
		66A1396B20013F860076B0E5 /* Debug */ = {
			isa = XCBuildConfiguration;
			buildSettings = {
				ALWAYS_SEARCH_USER_PATHS = NO;
				CLANG_ANALYZER_NONNULL = YES;
				CLANG_ANALYZER_NUMBER_OBJECT_CONVERSION = YES_AGGRESSIVE;
				CLANG_CXX_LANGUAGE_STANDARD = "gnu++14";
				CLANG_CXX_LIBRARY = "libc++";
				CLANG_ENABLE_MODULES = YES;
				CLANG_ENABLE_OBJC_ARC = YES;
				CLANG_WARN_BLOCK_CAPTURE_AUTORELEASING = YES;
				CLANG_WARN_BOOL_CONVERSION = YES;
				CLANG_WARN_COMMA = YES;
				CLANG_WARN_CONSTANT_CONVERSION = YES;
				CLANG_WARN_DIRECT_OBJC_ISA_USAGE = YES_ERROR;
				CLANG_WARN_DOCUMENTATION_COMMENTS = YES;
				CLANG_WARN_EMPTY_BODY = YES;
				CLANG_WARN_ENUM_CONVERSION = YES;
				CLANG_WARN_INFINITE_RECURSION = YES;
				CLANG_WARN_INT_CONVERSION = YES;
				CLANG_WARN_NON_LITERAL_NULL_CONVERSION = YES;
				CLANG_WARN_OBJC_LITERAL_CONVERSION = YES;
				CLANG_WARN_OBJC_ROOT_CLASS = YES_ERROR;
				CLANG_WARN_RANGE_LOOP_ANALYSIS = YES;
				CLANG_WARN_STRICT_PROTOTYPES = YES;
				CLANG_WARN_SUSPICIOUS_MOVE = YES;
				CLANG_WARN_UNGUARDED_AVAILABILITY = YES_AGGRESSIVE;
				CLANG_WARN_UNREACHABLE_CODE = YES;
				CLANG_WARN__DUPLICATE_METHOD_MATCH = YES;
				CODE_SIGN_IDENTITY = "iPhone Developer";
				COPY_PHASE_STRIP = NO;
				CURRENT_PROJECT_VERSION = 1;
				DEBUG_INFORMATION_FORMAT = dwarf;
				ENABLE_STRICT_OBJC_MSGSEND = YES;
				ENABLE_TESTABILITY = YES;
				GCC_C_LANGUAGE_STANDARD = gnu11;
				GCC_DYNAMIC_NO_PIC = NO;
				GCC_NO_COMMON_BLOCKS = YES;
				GCC_OPTIMIZATION_LEVEL = 0;
				GCC_PREPROCESSOR_DEFINITIONS = (
					"DEBUG=1",
					"$(inherited)",
				);
				GCC_WARN_64_TO_32_BIT_CONVERSION = YES;
				GCC_WARN_ABOUT_RETURN_TYPE = YES_ERROR;
				GCC_WARN_UNDECLARED_SELECTOR = YES;
				GCC_WARN_UNINITIALIZED_AUTOS = YES_AGGRESSIVE;
				GCC_WARN_UNUSED_FUNCTION = YES;
				GCC_WARN_UNUSED_VARIABLE = YES;
				IPHONEOS_DEPLOYMENT_TARGET = 11.2;
				MTL_ENABLE_DEBUG_INFO = YES;
				ONLY_ACTIVE_ARCH = YES;
				SDKROOT = iphoneos;
				SWIFT_ACTIVE_COMPILATION_CONDITIONS = DEBUG;
				SWIFT_OPTIMIZATION_LEVEL = "-Onone";
				VERSIONING_SYSTEM = "apple-generic";
				VERSION_INFO_PREFIX = "";
			};
			name = Debug;
		};
		66A1396C20013F860076B0E5 /* Release */ = {
			isa = XCBuildConfiguration;
			buildSettings = {
				ALWAYS_SEARCH_USER_PATHS = NO;
				CLANG_ANALYZER_NONNULL = YES;
				CLANG_ANALYZER_NUMBER_OBJECT_CONVERSION = YES_AGGRESSIVE;
				CLANG_CXX_LANGUAGE_STANDARD = "gnu++14";
				CLANG_CXX_LIBRARY = "libc++";
				CLANG_ENABLE_MODULES = YES;
				CLANG_ENABLE_OBJC_ARC = YES;
				CLANG_WARN_BLOCK_CAPTURE_AUTORELEASING = YES;
				CLANG_WARN_BOOL_CONVERSION = YES;
				CLANG_WARN_COMMA = YES;
				CLANG_WARN_CONSTANT_CONVERSION = YES;
				CLANG_WARN_DIRECT_OBJC_ISA_USAGE = YES_ERROR;
				CLANG_WARN_DOCUMENTATION_COMMENTS = YES;
				CLANG_WARN_EMPTY_BODY = YES;
				CLANG_WARN_ENUM_CONVERSION = YES;
				CLANG_WARN_INFINITE_RECURSION = YES;
				CLANG_WARN_INT_CONVERSION = YES;
				CLANG_WARN_NON_LITERAL_NULL_CONVERSION = YES;
				CLANG_WARN_OBJC_LITERAL_CONVERSION = YES;
				CLANG_WARN_OBJC_ROOT_CLASS = YES_ERROR;
				CLANG_WARN_RANGE_LOOP_ANALYSIS = YES;
				CLANG_WARN_STRICT_PROTOTYPES = YES;
				CLANG_WARN_SUSPICIOUS_MOVE = YES;
				CLANG_WARN_UNGUARDED_AVAILABILITY = YES_AGGRESSIVE;
				CLANG_WARN_UNREACHABLE_CODE = YES;
				CLANG_WARN__DUPLICATE_METHOD_MATCH = YES;
				CODE_SIGN_IDENTITY = "iPhone Developer";
				COPY_PHASE_STRIP = NO;
				CURRENT_PROJECT_VERSION = 1;
				DEBUG_INFORMATION_FORMAT = "dwarf-with-dsym";
				ENABLE_NS_ASSERTIONS = NO;
				ENABLE_STRICT_OBJC_MSGSEND = YES;
				GCC_C_LANGUAGE_STANDARD = gnu11;
				GCC_NO_COMMON_BLOCKS = YES;
				GCC_WARN_64_TO_32_BIT_CONVERSION = YES;
				GCC_WARN_ABOUT_RETURN_TYPE = YES_ERROR;
				GCC_WARN_UNDECLARED_SELECTOR = YES;
				GCC_WARN_UNINITIALIZED_AUTOS = YES_AGGRESSIVE;
				GCC_WARN_UNUSED_FUNCTION = YES;
				GCC_WARN_UNUSED_VARIABLE = YES;
				IPHONEOS_DEPLOYMENT_TARGET = 11.2;
				MTL_ENABLE_DEBUG_INFO = NO;
				SDKROOT = iphoneos;
				SWIFT_OPTIMIZATION_LEVEL = "-Owholemodule";
				VALIDATE_PRODUCT = YES;
				VERSIONING_SYSTEM = "apple-generic";
				VERSION_INFO_PREFIX = "";
			};
			name = Release;
		};
		66A1396E20013F860076B0E5 /* Debug */ = {
			isa = XCBuildConfiguration;
			buildSettings = {
				CODE_SIGN_IDENTITY = "";
				CODE_SIGN_STYLE = Automatic;
				DEFINES_MODULE = YES;
				DEVELOPMENT_TEAM = QZ222K9SPY;
				DYLIB_COMPATIBILITY_VERSION = 1;
				DYLIB_CURRENT_VERSION = 1;
				DYLIB_INSTALL_NAME_BASE = "@rpath";
				INFOPLIST_FILE = FileStreamer/Info.plist;
				INSTALL_PATH = "$(LOCAL_LIBRARY_DIR)/Frameworks";
				LD_RUNPATH_SEARCH_PATHS = "$(inherited) @executable_path/Frameworks @loader_path/Frameworks";
				PRODUCT_BUNDLE_IDENTIFIER = com.ausomeapps.FileStreamer;
				PRODUCT_NAME = "$(TARGET_NAME:c99extidentifier)";
				SKIP_INSTALL = YES;
				SWIFT_VERSION = 4.0;
				TARGETED_DEVICE_FAMILY = "1,2";
			};
			name = Debug;
		};
		66A1396F20013F860076B0E5 /* Release */ = {
			isa = XCBuildConfiguration;
			buildSettings = {
				CODE_SIGN_IDENTITY = "";
				CODE_SIGN_STYLE = Automatic;
				DEFINES_MODULE = YES;
				DEVELOPMENT_TEAM = QZ222K9SPY;
				DYLIB_COMPATIBILITY_VERSION = 1;
				DYLIB_CURRENT_VERSION = 1;
				DYLIB_INSTALL_NAME_BASE = "@rpath";
				INFOPLIST_FILE = FileStreamer/Info.plist;
				INSTALL_PATH = "$(LOCAL_LIBRARY_DIR)/Frameworks";
				LD_RUNPATH_SEARCH_PATHS = "$(inherited) @executable_path/Frameworks @loader_path/Frameworks";
				PRODUCT_BUNDLE_IDENTIFIER = com.ausomeapps.FileStreamer;
				PRODUCT_NAME = "$(TARGET_NAME:c99extidentifier)";
				SKIP_INSTALL = YES;
				SWIFT_VERSION = 4.0;
				TARGETED_DEVICE_FAMILY = "1,2";
			};
			name = Release;
		};
		66A1397120013F860076B0E5 /* Debug */ = {
			isa = XCBuildConfiguration;
			buildSettings = {
				ALWAYS_EMBED_SWIFT_STANDARD_LIBRARIES = YES;
				CODE_SIGN_STYLE = Automatic;
				DEVELOPMENT_TEAM = QZ222K9SPY;
				INFOPLIST_FILE = FileStreamerTests/Info.plist;
				LD_RUNPATH_SEARCH_PATHS = "$(inherited) @executable_path/Frameworks @loader_path/Frameworks";
				PRODUCT_BUNDLE_IDENTIFIER = com.ausomeapps.FileStreamerTests;
				PRODUCT_NAME = "$(TARGET_NAME)";
				SWIFT_VERSION = 4.0;
				TARGETED_DEVICE_FAMILY = "1,2";
			};
			name = Debug;
		};
		66A1397220013F860076B0E5 /* Release */ = {
			isa = XCBuildConfiguration;
			buildSettings = {
				ALWAYS_EMBED_SWIFT_STANDARD_LIBRARIES = YES;
				CODE_SIGN_STYLE = Automatic;
				DEVELOPMENT_TEAM = QZ222K9SPY;
				INFOPLIST_FILE = FileStreamerTests/Info.plist;
				LD_RUNPATH_SEARCH_PATHS = "$(inherited) @executable_path/Frameworks @loader_path/Frameworks";
				PRODUCT_BUNDLE_IDENTIFIER = com.ausomeapps.FileStreamerTests;
				PRODUCT_NAME = "$(TARGET_NAME)";
				SWIFT_VERSION = 4.0;
				TARGETED_DEVICE_FAMILY = "1,2";
			};
			name = Release;
		};
/* End XCBuildConfiguration section */

/* Begin XCConfigurationList section */
		66A1395320013F860076B0E5 /* Build configuration list for PBXProject "FileStreamer" */ = {
			isa = XCConfigurationList;
			buildConfigurations = (
				66A1396B20013F860076B0E5 /* Debug */,
				66A1396C20013F860076B0E5 /* Release */,
			);
			defaultConfigurationIsVisible = 0;
			defaultConfigurationName = Release;
		};
		66A1396D20013F860076B0E5 /* Build configuration list for PBXNativeTarget "FileStreamer" */ = {
			isa = XCConfigurationList;
			buildConfigurations = (
				66A1396E20013F860076B0E5 /* Debug */,
				66A1396F20013F860076B0E5 /* Release */,
			);
			defaultConfigurationIsVisible = 0;
			defaultConfigurationName = Release;
		};
		66A1397020013F860076B0E5 /* Build configuration list for PBXNativeTarget "FileStreamerTests" */ = {
			isa = XCConfigurationList;
			buildConfigurations = (
				66A1397120013F860076B0E5 /* Debug */,
				66A1397220013F860076B0E5 /* Release */,
			);
			defaultConfigurationIsVisible = 0;
			defaultConfigurationName = Release;
		};
/* End XCConfigurationList section */
	};
	rootObject = 66A1395020013F860076B0E5 /* Project object */;
}
