// !$*UTF8*$!
{
	archiveVersion = 1;
	classes = {
	};
	objectVersion = 48;
	objects = {

/* Begin PBXBuildFile section */
		6611101720B476A200B93F10 /* ProgressSlider.swift in Sources */ = {isa = PBXBuildFile; fileRef = 6611101520B476A100B93F10 /* ProgressSlider.swift */; };
		661DD3E92002C6C000B9172B /* FileStreamer.framework in Frameworks */ = {isa = PBXBuildFile; fileRef = 661DD3E62002C6B300B9172B /* FileStreamer.framework */; };
		661DD3EA2002C6C000B9172B /* FileStreamer.framework in Embed Frameworks */ = {isa = PBXBuildFile; fileRef = 661DD3E62002C6B300B9172B /* FileStreamer.framework */; settings = {ATTRIBUTES = (CodeSignOnCopy, RemoveHeadersOnCopy, ); }; };
		661DD3F12002E97000B9172B /* ViewController+DownloadableDelegate.swift in Sources */ = {isa = PBXBuildFile; fileRef = 661DD3F02002E97000B9172B /* ViewController+DownloadableDelegate.swift */; };
		66C8352E2002C67700E953C7 /* AppDelegate.swift in Sources */ = {isa = PBXBuildFile; fileRef = 66C8352D2002C67700E953C7 /* AppDelegate.swift */; };
		66C835302002C67700E953C7 /* ViewController.swift in Sources */ = {isa = PBXBuildFile; fileRef = 66C8352F2002C67700E953C7 /* ViewController.swift */; };
		66C835332002C67700E953C7 /* Main.storyboard in Resources */ = {isa = PBXBuildFile; fileRef = 66C835312002C67700E953C7 /* Main.storyboard */; };
		66C835352002C67700E953C7 /* Assets.xcassets in Resources */ = {isa = PBXBuildFile; fileRef = 66C835342002C67700E953C7 /* Assets.xcassets */; };
		66C835382002C67700E953C7 /* LaunchScreen.storyboard in Resources */ = {isa = PBXBuildFile; fileRef = 66C835362002C67700E953C7 /* LaunchScreen.storyboard */; };
/* End PBXBuildFile section */

/* Begin PBXContainerItemProxy section */
		661DD3E52002C6B300B9172B /* PBXContainerItemProxy */ = {
			isa = PBXContainerItemProxy;
			containerPortal = 661DD3E02002C6B300B9172B /* FileStreamer.xcodeproj */;
			proxyType = 2;
			remoteGlobalIDString = 66A1395920013F860076B0E5;
			remoteInfo = FileStreamer;
		};
		661DD3E72002C6B300B9172B /* PBXContainerItemProxy */ = {
			isa = PBXContainerItemProxy;
			containerPortal = 661DD3E02002C6B300B9172B /* FileStreamer.xcodeproj */;
			proxyType = 2;
			remoteGlobalIDString = 66A1396220013F860076B0E5;
			remoteInfo = FileStreamerTests;
		};
		661DD3EB2002C6C000B9172B /* PBXContainerItemProxy */ = {
			isa = PBXContainerItemProxy;
			containerPortal = 661DD3E02002C6B300B9172B /* FileStreamer.xcodeproj */;
			proxyType = 1;
			remoteGlobalIDString = 66A1395820013F860076B0E5;
			remoteInfo = FileStreamer;
		};
/* End PBXContainerItemProxy section */

/* Begin PBXCopyFilesBuildPhase section */
		661DD3ED2002C6C000B9172B /* Embed Frameworks */ = {
			isa = PBXCopyFilesBuildPhase;
			buildActionMask = 2147483647;
			dstPath = "";
			dstSubfolderSpec = 10;
			files = (
				661DD3EA2002C6C000B9172B /* FileStreamer.framework in Embed Frameworks */,
			);
			name = "Embed Frameworks";
			runOnlyForDeploymentPostprocessing = 0;
		};
/* End PBXCopyFilesBuildPhase section */

/* Begin PBXFileReference section */
		6611101520B476A100B93F10 /* ProgressSlider.swift */ = {isa = PBXFileReference; fileEncoding = 4; lastKnownFileType = sourcecode.swift; path = ProgressSlider.swift; sourceTree = "<group>"; };
		661DD3E02002C6B300B9172B /* FileStreamer.xcodeproj */ = {isa = PBXFileReference; lastKnownFileType = "wrapper.pb-project"; name = FileStreamer.xcodeproj; path = ../../../FileStreamer.xcodeproj; sourceTree = "<group>"; };
		661DD3F02002E97000B9172B /* ViewController+DownloadableDelegate.swift */ = {isa = PBXFileReference; lastKnownFileType = sourcecode.swift; path = "ViewController+DownloadableDelegate.swift"; sourceTree = "<group>"; };
		66C8352A2002C67700E953C7 /* BasicStreamingEngine.app */ = {isa = PBXFileReference; explicitFileType = wrapper.application; includeInIndex = 0; path = BasicStreamingEngine.app; sourceTree = BUILT_PRODUCTS_DIR; };
		66C8352D2002C67700E953C7 /* AppDelegate.swift */ = {isa = PBXFileReference; lastKnownFileType = sourcecode.swift; path = AppDelegate.swift; sourceTree = "<group>"; };
		66C8352F2002C67700E953C7 /* ViewController.swift */ = {isa = PBXFileReference; lastKnownFileType = sourcecode.swift; path = ViewController.swift; sourceTree = "<group>"; };
		66C835322002C67700E953C7 /* Base */ = {isa = PBXFileReference; lastKnownFileType = file.storyboard; name = Base; path = Base.lproj/Main.storyboard; sourceTree = "<group>"; };
		66C835342002C67700E953C7 /* Assets.xcassets */ = {isa = PBXFileReference; lastKnownFileType = folder.assetcatalog; path = Assets.xcassets; sourceTree = "<group>"; };
		66C835372002C67700E953C7 /* Base */ = {isa = PBXFileReference; lastKnownFileType = file.storyboard; name = Base; path = Base.lproj/LaunchScreen.storyboard; sourceTree = "<group>"; };
		66C835392002C67700E953C7 /* Info.plist */ = {isa = PBXFileReference; lastKnownFileType = text.plist.xml; path = Info.plist; sourceTree = "<group>"; };
/* End PBXFileReference section */

/* Begin PBXFrameworksBuildPhase section */
		66C835272002C67700E953C7 /* Frameworks */ = {
			isa = PBXFrameworksBuildPhase;
			buildActionMask = 2147483647;
			files = (
				661DD3E92002C6C000B9172B /* FileStreamer.framework in Frameworks */,
			);
			runOnlyForDeploymentPostprocessing = 0;
		};
/* End PBXFrameworksBuildPhase section */

/* Begin PBXGroup section */
		661DD3E12002C6B300B9172B /* Products */ = {
			isa = PBXGroup;
			children = (
				661DD3E62002C6B300B9172B /* FileStreamer.framework */,
				661DD3E82002C6B300B9172B /* FileStreamerTests.xctest */,
			);
			name = Products;
			sourceTree = "<group>";
		};
		66C835212002C67700E953C7 = {
			isa = PBXGroup;
			children = (
				66C8352C2002C67700E953C7 /* BasicStreamingEngine */,
				66C8352B2002C67700E953C7 /* Products */,
			);
			sourceTree = "<group>";
		};
		66C8352B2002C67700E953C7 /* Products */ = {
			isa = PBXGroup;
			children = (
				66C8352A2002C67700E953C7 /* BasicStreamingEngine.app */,
			);
			name = Products;
			sourceTree = "<group>";
		};
		66C8352C2002C67700E953C7 /* BasicStreamingEngine */ = {
			isa = PBXGroup;
			children = (
				661DD3E02002C6B300B9172B /* FileStreamer.xcodeproj */,
				66C8352D2002C67700E953C7 /* AppDelegate.swift */,
				66C8352F2002C67700E953C7 /* ViewController.swift */,
				661DD3F02002E97000B9172B /* ViewController+DownloadableDelegate.swift */,
				6611101520B476A100B93F10 /* ProgressSlider.swift */,
				66C835312002C67700E953C7 /* Main.storyboard */,
				66C835342002C67700E953C7 /* Assets.xcassets */,
				66C835362002C67700E953C7 /* LaunchScreen.storyboard */,
				66C835392002C67700E953C7 /* Info.plist */,
			);
			path = BasicStreamingEngine;
			sourceTree = "<group>";
		};
/* End PBXGroup section */

/* Begin PBXNativeTarget section */
		66C835292002C67700E953C7 /* BasicStreamingEngine */ = {
			isa = PBXNativeTarget;
			buildConfigurationList = 66C8353C2002C67700E953C7 /* Build configuration list for PBXNativeTarget "BasicStreamingEngine" */;
			buildPhases = (
				66C835262002C67700E953C7 /* Sources */,
				66C835272002C67700E953C7 /* Frameworks */,
				66C835282002C67700E953C7 /* Resources */,
				661DD3ED2002C6C000B9172B /* Embed Frameworks */,
			);
			buildRules = (
			);
			dependencies = (
				661DD3EC2002C6C000B9172B /* PBXTargetDependency */,
			);
			name = BasicStreamingEngine;
			productName = BasicStreamingEngine;
			productReference = 66C8352A2002C67700E953C7 /* BasicStreamingEngine.app */;
			productType = "com.apple.product-type.application";
		};
/* End PBXNativeTarget section */

/* Begin PBXProject section */
		66C835222002C67700E953C7 /* Project object */ = {
			isa = PBXProject;
			attributes = {
				LastSwiftUpdateCheck = 0920;
				LastUpgradeCheck = 0920;
				ORGANIZATIONNAME = "Ausome Apps LLC";
				TargetAttributes = {
					66C835292002C67700E953C7 = {
						CreatedOnToolsVersion = 9.2;
						ProvisioningStyle = Automatic;
					};
				};
			};
			buildConfigurationList = 66C835252002C67700E953C7 /* Build configuration list for PBXProject "BasicStreamingEngine" */;
			compatibilityVersion = "Xcode 8.0";
			developmentRegion = en;
			hasScannedForEncodings = 0;
			knownRegions = (
				en,
				Base,
			);
			mainGroup = 66C835212002C67700E953C7;
			productRefGroup = 66C8352B2002C67700E953C7 /* Products */;
			projectDirPath = "";
			projectReferences = (
				{
					ProductGroup = 661DD3E12002C6B300B9172B /* Products */;
					ProjectRef = 661DD3E02002C6B300B9172B /* FileStreamer.xcodeproj */;
				},
			);
			projectRoot = "";
			targets = (
				66C835292002C67700E953C7 /* BasicStreamingEngine */,
			);
		};
/* End PBXProject section */

/* Begin PBXReferenceProxy section */
		661DD3E62002C6B300B9172B /* FileStreamer.framework */ = {
			isa = PBXReferenceProxy;
			fileType = wrapper.framework;
			path = FileStreamer.framework;
			remoteRef = 661DD3E52002C6B300B9172B /* PBXContainerItemProxy */;
			sourceTree = BUILT_PRODUCTS_DIR;
		};
		661DD3E82002C6B300B9172B /* FileStreamerTests.xctest */ = {
			isa = PBXReferenceProxy;
			fileType = wrapper.cfbundle;
			path = FileStreamerTests.xctest;
			remoteRef = 661DD3E72002C6B300B9172B /* PBXContainerItemProxy */;
			sourceTree = BUILT_PRODUCTS_DIR;
		};
/* End PBXReferenceProxy section */

/* Begin PBXResourcesBuildPhase section */
		66C835282002C67700E953C7 /* Resources */ = {
			isa = PBXResourcesBuildPhase;
			buildActionMask = 2147483647;
			files = (
				66C835382002C67700E953C7 /* LaunchScreen.storyboard in Resources */,
				66C835352002C67700E953C7 /* Assets.xcassets in Resources */,
				66C835332002C67700E953C7 /* Main.storyboard in Resources */,
			);
			runOnlyForDeploymentPostprocessing = 0;
		};
/* End PBXResourcesBuildPhase section */

/* Begin PBXSourcesBuildPhase section */
		66C835262002C67700E953C7 /* Sources */ = {
			isa = PBXSourcesBuildPhase;
			buildActionMask = 2147483647;
			files = (
				66C835302002C67700E953C7 /* ViewController.swift in Sources */,
				6611101720B476A200B93F10 /* ProgressSlider.swift in Sources */,
				661DD3F12002E97000B9172B /* ViewController+DownloadableDelegate.swift in Sources */,
				66C8352E2002C67700E953C7 /* AppDelegate.swift in Sources */,
			);
			runOnlyForDeploymentPostprocessing = 0;
		};
/* End PBXSourcesBuildPhase section */

/* Begin PBXTargetDependency section */
		661DD3EC2002C6C000B9172B /* PBXTargetDependency */ = {
			isa = PBXTargetDependency;
			name = FileStreamer;
			targetProxy = 661DD3EB2002C6C000B9172B /* PBXContainerItemProxy */;
		};
/* End PBXTargetDependency section */

/* Begin PBXVariantGroup section */
		66C835312002C67700E953C7 /* Main.storyboard */ = {
			isa = PBXVariantGroup;
			children = (
				66C835322002C67700E953C7 /* Base */,
			);
			name = Main.storyboard;
			sourceTree = "<group>";
		};
		66C835362002C67700E953C7 /* LaunchScreen.storyboard */ = {
			isa = PBXVariantGroup;
			children = (
				66C835372002C67700E953C7 /* Base */,
			);
			name = LaunchScreen.storyboard;
			sourceTree = "<group>";
		};
/* End PBXVariantGroup section */

/* Begin XCBuildConfiguration section */
		66C8353A2002C67700E953C7 /* Debug */ = {
			isa = XCBuildConfiguration;
			buildSettings = {
				ALWAYS_SEARCH_USER_PATHS = NO;
				CLANG_ANALYZER_NONNULL = YES;
				CLANG_ANALYZER_NUMBER_OBJECT_CONVERSION = YES_AGGRESSIVE;
				CLANG_CXX_LANGUAGE_STANDARD = "gnu++14";
				CLANG_CXX_LIBRARY = "libc++";
				CLANG_ENABLE_MODULES = YES;
				CLANG_ENABLE_OBJC_ARC = YES;
				CLANG_WARN_BLOCK_CAPTURE_AUTORELEASING = YES;
				CLANG_WARN_BOOL_CONVERSION = YES;
				CLANG_WARN_COMMA = YES;
				CLANG_WARN_CONSTANT_CONVERSION = YES;
				CLANG_WARN_DIRECT_OBJC_ISA_USAGE = YES_ERROR;
				CLANG_WARN_DOCUMENTATION_COMMENTS = YES;
				CLANG_WARN_EMPTY_BODY = YES;
				CLANG_WARN_ENUM_CONVERSION = YES;
				CLANG_WARN_INFINITE_RECURSION = YES;
				CLANG_WARN_INT_CONVERSION = YES;
				CLANG_WARN_NON_LITERAL_NULL_CONVERSION = YES;
				CLANG_WARN_OBJC_LITERAL_CONVERSION = YES;
				CLANG_WARN_OBJC_ROOT_CLASS = YES_ERROR;
				CLANG_WARN_RANGE_LOOP_ANALYSIS = YES;
				CLANG_WARN_STRICT_PROTOTYPES = YES;
				CLANG_WARN_SUSPICIOUS_MOVE = YES;
				CLANG_WARN_UNGUARDED_AVAILABILITY = YES_AGGRESSIVE;
				CLANG_WARN_UNREACHABLE_CODE = YES;
				CLANG_WARN__DUPLICATE_METHOD_MATCH = YES;
				CODE_SIGN_IDENTITY = "iPhone Developer";
				COPY_PHASE_STRIP = NO;
				DEBUG_INFORMATION_FORMAT = dwarf;
				ENABLE_STRICT_OBJC_MSGSEND = YES;
				ENABLE_TESTABILITY = YES;
				GCC_C_LANGUAGE_STANDARD = gnu11;
				GCC_DYNAMIC_NO_PIC = NO;
				GCC_NO_COMMON_BLOCKS = YES;
				GCC_OPTIMIZATION_LEVEL = 0;
				GCC_PREPROCESSOR_DEFINITIONS = (
					"DEBUG=1",
					"$(inherited)",
				);
				GCC_WARN_64_TO_32_BIT_CONVERSION = YES;
				GCC_WARN_ABOUT_RETURN_TYPE = YES_ERROR;
				GCC_WARN_UNDECLARED_SELECTOR = YES;
				GCC_WARN_UNINITIALIZED_AUTOS = YES_AGGRESSIVE;
				GCC_WARN_UNUSED_FUNCTION = YES;
				GCC_WARN_UNUSED_VARIABLE = YES;
				IPHONEOS_DEPLOYMENT_TARGET = 11.2;
				MTL_ENABLE_DEBUG_INFO = YES;
				ONLY_ACTIVE_ARCH = YES;
				SDKROOT = iphoneos;
				SWIFT_ACTIVE_COMPILATION_CONDITIONS = DEBUG;
				SWIFT_OPTIMIZATION_LEVEL = "-Onone";
			};
			name = Debug;
		};
		66C8353B2002C67700E953C7 /* Release */ = {
			isa = XCBuildConfiguration;
			buildSettings = {
				ALWAYS_SEARCH_USER_PATHS = NO;
				CLANG_ANALYZER_NONNULL = YES;
				CLANG_ANALYZER_NUMBER_OBJECT_CONVERSION = YES_AGGRESSIVE;
				CLANG_CXX_LANGUAGE_STANDARD = "gnu++14";
				CLANG_CXX_LIBRARY = "libc++";
				CLANG_ENABLE_MODULES = YES;
				CLANG_ENABLE_OBJC_ARC = YES;
				CLANG_WARN_BLOCK_CAPTURE_AUTORELEASING = YES;
				CLANG_WARN_BOOL_CONVERSION = YES;
				CLANG_WARN_COMMA = YES;
				CLANG_WARN_CONSTANT_CONVERSION = YES;
				CLANG_WARN_DIRECT_OBJC_ISA_USAGE = YES_ERROR;
				CLANG_WARN_DOCUMENTATION_COMMENTS = YES;
				CLANG_WARN_EMPTY_BODY = YES;
				CLANG_WARN_ENUM_CONVERSION = YES;
				CLANG_WARN_INFINITE_RECURSION = YES;
				CLANG_WARN_INT_CONVERSION = YES;
				CLANG_WARN_NON_LITERAL_NULL_CONVERSION = YES;
				CLANG_WARN_OBJC_LITERAL_CONVERSION = YES;
				CLANG_WARN_OBJC_ROOT_CLASS = YES_ERROR;
				CLANG_WARN_RANGE_LOOP_ANALYSIS = YES;
				CLANG_WARN_STRICT_PROTOTYPES = YES;
				CLANG_WARN_SUSPICIOUS_MOVE = YES;
				CLANG_WARN_UNGUARDED_AVAILABILITY = YES_AGGRESSIVE;
				CLANG_WARN_UNREACHABLE_CODE = YES;
				CLANG_WARN__DUPLICATE_METHOD_MATCH = YES;
				CODE_SIGN_IDENTITY = "iPhone Developer";
				COPY_PHASE_STRIP = NO;
				DEBUG_INFORMATION_FORMAT = "dwarf-with-dsym";
				ENABLE_NS_ASSERTIONS = NO;
				ENABLE_STRICT_OBJC_MSGSEND = YES;
				GCC_C_LANGUAGE_STANDARD = gnu11;
				GCC_NO_COMMON_BLOCKS = YES;
				GCC_WARN_64_TO_32_BIT_CONVERSION = YES;
				GCC_WARN_ABOUT_RETURN_TYPE = YES_ERROR;
				GCC_WARN_UNDECLARED_SELECTOR = YES;
				GCC_WARN_UNINITIALIZED_AUTOS = YES_AGGRESSIVE;
				GCC_WARN_UNUSED_FUNCTION = YES;
				GCC_WARN_UNUSED_VARIABLE = YES;
				IPHONEOS_DEPLOYMENT_TARGET = 11.2;
				MTL_ENABLE_DEBUG_INFO = NO;
				SDKROOT = iphoneos;
				SWIFT_OPTIMIZATION_LEVEL = "-Owholemodule";
				VALIDATE_PRODUCT = YES;
			};
			name = Release;
		};
		66C8353D2002C67700E953C7 /* Debug */ = {
			isa = XCBuildConfiguration;
			buildSettings = {
				ALWAYS_EMBED_SWIFT_STANDARD_LIBRARIES = YES;
				ASSETCATALOG_COMPILER_APPICON_NAME = AppIcon;
				CODE_SIGN_STYLE = Automatic;
				DEVELOPMENT_TEAM = QZ222K9SPY;
				INFOPLIST_FILE = BasicStreamingEngine/Info.plist;
				LD_RUNPATH_SEARCH_PATHS = "$(inherited) @executable_path/Frameworks";
				PRODUCT_BUNDLE_IDENTIFIER = com.ausomeapps.BasicStreamingEngine;
				PRODUCT_NAME = "$(TARGET_NAME)";
				SWIFT_VERSION = 4.0;
				TARGETED_DEVICE_FAMILY = "1,2";
			};
			name = Debug;
		};
		66C8353E2002C67700E953C7 /* Release */ = {
			isa = XCBuildConfiguration;
			buildSettings = {
				ALWAYS_EMBED_SWIFT_STANDARD_LIBRARIES = YES;
				ASSETCATALOG_COMPILER_APPICON_NAME = AppIcon;
				CODE_SIGN_STYLE = Automatic;
				DEVELOPMENT_TEAM = QZ222K9SPY;
				INFOPLIST_FILE = BasicStreamingEngine/Info.plist;
				LD_RUNPATH_SEARCH_PATHS = "$(inherited) @executable_path/Frameworks";
				PRODUCT_BUNDLE_IDENTIFIER = com.ausomeapps.BasicStreamingEngine;
				PRODUCT_NAME = "$(TARGET_NAME)";
				SWIFT_VERSION = 4.0;
				TARGETED_DEVICE_FAMILY = "1,2";
			};
			name = Release;
		};
/* End XCBuildConfiguration section */

/* Begin XCConfigurationList section */
		66C835252002C67700E953C7 /* Build configuration list for PBXProject "BasicStreamingEngine" */ = {
			isa = XCConfigurationList;
			buildConfigurations = (
				66C8353A2002C67700E953C7 /* Debug */,
				66C8353B2002C67700E953C7 /* Release */,
			);
			defaultConfigurationIsVisible = 0;
			defaultConfigurationName = Release;
		};
		66C8353C2002C67700E953C7 /* Build configuration list for PBXNativeTarget "BasicStreamingEngine" */ = {
			isa = XCConfigurationList;
			buildConfigurations = (
				66C8353D2002C67700E953C7 /* Debug */,
				66C8353E2002C67700E953C7 /* Release */,
			);
			defaultConfigurationIsVisible = 0;
			defaultConfigurationName = Release;
		};
/* End XCConfigurationList section */
	};
	rootObject = 66C835222002C67700E953C7 /* Project object */;
}
